
Microsoft Visual Studio Solution File, Format Version 12.00
# Visual Studio 15
VisualStudioVersion = 15.0.28307.168
MinimumVisualStudioVersion = 10.0.40219.1
Project("{FAE04EC0-301F-11D3-BF4B-00C04F79EFBC}") = "OrderApi", "OrderApi\OrderApi.csproj", "{A9933575-CD7C-4131-A751-8A7246D2A6DE}"
EndProject
Project("{FAE04EC0-301F-11D3-BF4B-00C04F79EFBC}") = "GatewayApi", "GatewayApi\GatewayApi.csproj", "{E1EE7E5D-A7E0-4E01-9F00-D4CA9E2ADC97}"
EndProject
Project("{FAE04EC0-301F-11D3-BF4B-00C04F79EFBC}") = "CartApi", "CartApi\CartApi.csproj", "{BFE9194D-95C5-4047-A1EA-BC9A7D6EB836}"
EndProject
Global
	GlobalSection(SolutionConfigurationPlatforms) = preSolution
		Debug|Any CPU = Debug|Any CPU
		Release|Any CPU = Release|Any CPU
	EndGlobalSection
	GlobalSection(ProjectConfigurationPlatforms) = postSolution
		{A9933575-CD7C-4131-A751-8A7246D2A6DE}.Debug|Any CPU.ActiveCfg = Debug|Any CPU
		{A9933575-CD7C-4131-A751-8A7246D2A6DE}.Debug|Any CPU.Build.0 = Debug|Any CPU
		{A9933575-CD7C-4131-A751-8A7246D2A6DE}.Release|Any CPU.ActiveCfg = Release|Any CPU
		{A9933575-CD7C-4131-A751-8A7246D2A6DE}.Release|Any CPU.Build.0 = Release|Any CPU
		{E1EE7E5D-A7E0-4E01-9F00-D4CA9E2ADC97}.Debug|Any CPU.ActiveCfg = Debug|Any CPU
		{E1EE7E5D-A7E0-4E01-9F00-D4CA9E2ADC97}.Debug|Any CPU.Build.0 = Debug|Any CPU
		{E1EE7E5D-A7E0-4E01-9F00-D4CA9E2ADC97}.Release|Any CPU.ActiveCfg = Release|Any CPU
		{E1EE7E5D-A7E0-4E01-9F00-D4CA9E2ADC97}.Release|Any CPU.Build.0 = Release|Any CPU
		{BFE9194D-95C5-4047-A1EA-BC9A7D6EB836}.Debug|Any CPU.ActiveCfg = Debug|Any CPU
		{BFE9194D-95C5-4047-A1EA-BC9A7D6EB836}.Debug|Any CPU.Build.0 = Debug|Any CPU
		{BFE9194D-95C5-4047-A1EA-BC9A7D6EB836}.Release|Any CPU.ActiveCfg = Release|Any CPU
		{BFE9194D-95C5-4047-A1EA-BC9A7D6EB836}.Release|Any CPU.Build.0 = Release|Any CPU
	EndGlobalSection
	GlobalSection(SolutionProperties) = preSolution
		HideSolutionNode = FALSE
	EndGlobalSection
	GlobalSection(ExtensibilityGlobals) = postSolution
		SolutionGuid = {EE03AF5C-77D2-463D-8665-E4FEED5FC194}
	EndGlobalSection
EndGlobal
